
Microsoft Visual Studio Solution File, Format Version 12.00
# Visual Studio Version 16
VisualStudioVersion = 16.0.30717.126
MinimumVisualStudioVersion = 10.0.40219.1
Project("{FAE04EC0-301F-11D3-BF4B-00C04F79EFBC}") = "SQLWriter", "SQLWriter\SQLWriter.csproj", "{FB702908-A11A-4458-B8A0-CFC327412954}"
EndProject
Global
	GlobalSection(SolutionConfigurationPlatforms) = preSolution
		Debug|Any CPU = Debug|Any CPU
		Release|Any CPU = Release|Any CPU
	EndGlobalSection
	GlobalSection(ProjectConfigurationPlatforms) = postSolution
		{FB702908-A11A-4458-B8A0-CFC327412954}.Debug|Any CPU.ActiveCfg = Debug|Any CPU
		{FB702908-A11A-4458-B8A0-CFC327412954}.Debug|Any CPU.Build.0 = Debug|Any CPU
		{FB702908-A11A-4458-B8A0-CFC327412954}.Release|Any CPU.ActiveCfg = Release|Any CPU
		{FB702908-A11A-4458-B8A0-CFC327412954}.Release|Any CPU.Build.0 = Release|Any CPU
	EndGlobalSection
	GlobalSection(SolutionProperties) = preSolution
		HideSolutionNode = FALSE
	EndGlobalSection
	GlobalSection(ExtensibilityGlobals) = postSolution
		SolutionGuid = {2121E37C-2CAD-4F27-9AF3-948E51F6EA45}
	EndGlobalSection
EndGlobal
